// !$*UTF8*$!
{
	archiveVersion = 1;
	classes = {
	};
	objectVersion = 46;
	objects = {

/* Begin PBXBuildFile section */
		86520B981F01890F00FCC693 /* AppDelegate.swift in Sources */ = {isa = PBXBuildFile; fileRef = 86520B971F01890F00FCC693 /* AppDelegate.swift */; };
		86520B9A1F01890F00FCC693 /* ViewController.swift in Sources */ = {isa = PBXBuildFile; fileRef = 86520B991F01890F00FCC693 /* ViewController.swift */; };
		86520B9D1F01891000FCC693 /* Main.storyboard in Resources */ = {isa = PBXBuildFile; fileRef = 86520B9B1F01891000FCC693 /* Main.storyboard */; };
		86520B9F1F01891000FCC693 /* Assets.xcassets in Resources */ = {isa = PBXBuildFile; fileRef = 86520B9E1F01891000FCC693 /* Assets.xcassets */; };
		86520BA21F01891000FCC693 /* LaunchScreen.storyboard in Resources */ = {isa = PBXBuildFile; fileRef = 86520BA01F01891000FCC693 /* LaunchScreen.storyboard */; };
		86520BAD1F01891000FCC693 /* Parse_ChatTests.swift in Sources */ = {isa = PBXBuildFile; fileRef = 86520BAC1F01891000FCC693 /* Parse_ChatTests.swift */; };
		86520BB81F01891000FCC693 /* Parse_ChatUITests.swift in Sources */ = {isa = PBXBuildFile; fileRef = 86520BB71F01891000FCC693 /* Parse_ChatUITests.swift */; };
/* End PBXBuildFile section */

/* Begin PBXContainerItemProxy section */
		86520BA91F01891000FCC693 /* PBXContainerItemProxy */ = {
			isa = PBXContainerItemProxy;
			containerPortal = 86520B8C1F01890F00FCC693 /* Project object */;
			proxyType = 1;
			remoteGlobalIDString = 86520B931F01890F00FCC693;
			remoteInfo = "Parse Chat";
		};
		86520BB41F01891000FCC693 /* PBXContainerItemProxy */ = {
			isa = PBXContainerItemProxy;
			containerPortal = 86520B8C1F01890F00FCC693 /* Project object */;
			proxyType = 1;
			remoteGlobalIDString = 86520B931F01890F00FCC693;
			remoteInfo = "Parse Chat";
		};
/* End PBXContainerItemProxy section */

/* Begin PBXFileReference section */
		86520B941F01890F00FCC693 /* Parse Chat.app */ = {isa = PBXFileReference; explicitFileType = wrapper.application; includeInIndex = 0; path = "Parse Chat.app"; sourceTree = BUILT_PRODUCTS_DIR; };
		86520B971F01890F00FCC693 /* AppDelegate.swift */ = {isa = PBXFileReference; lastKnownFileType = sourcecode.swift; path = AppDelegate.swift; sourceTree = "<group>"; };
		86520B991F01890F00FCC693 /* ViewController.swift */ = {isa = PBXFileReference; lastKnownFileType = sourcecode.swift; path = ViewController.swift; sourceTree = "<group>"; };
		86520B9C1F01891000FCC693 /* Base */ = {isa = PBXFileReference; lastKnownFileType = file.storyboard; name = Base; path = Base.lproj/Main.storyboard; sourceTree = "<group>"; };
		86520B9E1F01891000FCC693 /* Assets.xcassets */ = {isa = PBXFileReference; lastKnownFileType = folder.assetcatalog; path = Assets.xcassets; sourceTree = "<group>"; };
		86520BA11F01891000FCC693 /* Base */ = {isa = PBXFileReference; lastKnownFileType = file.storyboard; name = Base; path = Base.lproj/LaunchScreen.storyboard; sourceTree = "<group>"; };
		86520BA31F01891000FCC693 /* Info.plist */ = {isa = PBXFileReference; lastKnownFileType = text.plist.xml; path = Info.plist; sourceTree = "<group>"; };
		86520BA81F01891000FCC693 /* Parse ChatTests.xctest */ = {isa = PBXFileReference; explicitFileType = wrapper.cfbundle; includeInIndex = 0; path = "Parse ChatTests.xctest"; sourceTree = BUILT_PRODUCTS_DIR; };
		86520BAC1F01891000FCC693 /* Parse_ChatTests.swift */ = {isa = PBXFileReference; lastKnownFileType = sourcecode.swift; path = Parse_ChatTests.swift; sourceTree = "<group>"; };
		86520BAE1F01891000FCC693 /* Info.plist */ = {isa = PBXFileReference; lastKnownFileType = text.plist.xml; path = Info.plist; sourceTree = "<group>"; };
		86520BB31F01891000FCC693 /* Parse ChatUITests.xctest */ = {isa = PBXFileReference; explicitFileType = wrapper.cfbundle; includeInIndex = 0; path = "Parse ChatUITests.xctest"; sourceTree = BUILT_PRODUCTS_DIR; };
		86520BB71F01891000FCC693 /* Parse_ChatUITests.swift */ = {isa = PBXFileReference; lastKnownFileType = sourcecode.swift; path = Parse_ChatUITests.swift; sourceTree = "<group>"; };
		86520BB91F01891000FCC693 /* Info.plist */ = {isa = PBXFileReference; lastKnownFileType = text.plist.xml; path = Info.plist; sourceTree = "<group>"; };
/* End PBXFileReference section */

/* Begin PBXFrameworksBuildPhase section */
		86520B911F01890F00FCC693 /* Frameworks */ = {
			isa = PBXFrameworksBuildPhase;
			buildActionMask = 2147483647;
			files = (
			);
			runOnlyForDeploymentPostprocessing = 0;
		};
		86520BA51F01891000FCC693 /* Frameworks */ = {
			isa = PBXFrameworksBuildPhase;
			buildActionMask = 2147483647;
			files = (
			);
			runOnlyForDeploymentPostprocessing = 0;
		};
		86520BB01F01891000FCC693 /* Frameworks */ = {
			isa = PBXFrameworksBuildPhase;
			buildActionMask = 2147483647;
			files = (
			);
			runOnlyForDeploymentPostprocessing = 0;
		};
/* End PBXFrameworksBuildPhase section */

/* Begin PBXGroup section */
		86520B8B1F01890F00FCC693 = {
			isa = PBXGroup;
			children = (
				86520B961F01890F00FCC693 /* Parse Chat */,
				86520BAB1F01891000FCC693 /* Parse ChatTests */,
				86520BB61F01891000FCC693 /* Parse ChatUITests */,
				86520B951F01890F00FCC693 /* Products */,
			);
			sourceTree = "<group>";
		};
		86520B951F01890F00FCC693 /* Products */ = {
			isa = PBXGroup;
			children = (
				86520B941F01890F00FCC693 /* Parse Chat.app */,
				86520BA81F01891000FCC693 /* Parse ChatTests.xctest */,
				86520BB31F01891000FCC693 /* Parse ChatUITests.xctest */,
			);
			name = Products;
			sourceTree = "<group>";
		};
		86520B961F01890F00FCC693 /* Parse Chat */ = {
			isa = PBXGroup;
			children = (
				86520B971F01890F00FCC693 /* AppDelegate.swift */,
				86520B991F01890F00FCC693 /* ViewController.swift */,
				86520B9B1F01891000FCC693 /* Main.storyboard */,
				86520B9E1F01891000FCC693 /* Assets.xcassets */,
				86520BA01F01891000FCC693 /* LaunchScreen.storyboard */,
				86520BA31F01891000FCC693 /* Info.plist */,
			);
			path = "Parse Chat";
			sourceTree = "<group>";
		};
		86520BAB1F01891000FCC693 /* Parse ChatTests */ = {
			isa = PBXGroup;
			children = (
				86520BAC1F01891000FCC693 /* Parse_ChatTests.swift */,
				86520BAE1F01891000FCC693 /* Info.plist */,
			);
			path = "Parse ChatTests";
			sourceTree = "<group>";
		};
		86520BB61F01891000FCC693 /* Parse ChatUITests */ = {
			isa = PBXGroup;
			children = (
				86520BB71F01891000FCC693 /* Parse_ChatUITests.swift */,
				86520BB91F01891000FCC693 /* Info.plist */,
			);
			path = "Parse ChatUITests";
			sourceTree = "<group>";
		};
/* End PBXGroup section */

/* Begin PBXNativeTarget section */
		86520B931F01890F00FCC693 /* Parse Chat */ = {
			isa = PBXNativeTarget;
			buildConfigurationList = 86520BBC1F01891000FCC693 /* Build configuration list for PBXNativeTarget "Parse Chat" */;
			buildPhases = (
				86520B901F01890F00FCC693 /* Sources */,
				86520B911F01890F00FCC693 /* Frameworks */,
				86520B921F01890F00FCC693 /* Resources */,
			);
			buildRules = (
			);
			dependencies = (
			);
			name = "Parse Chat";
			productName = "Parse Chat";
			productReference = 86520B941F01890F00FCC693 /* Parse Chat.app */;
			productType = "com.apple.product-type.application";
		};
		86520BA71F01891000FCC693 /* Parse ChatTests */ = {
			isa = PBXNativeTarget;
			buildConfigurationList = 86520BBF1F01891000FCC693 /* Build configuration list for PBXNativeTarget "Parse ChatTests" */;
			buildPhases = (
				86520BA41F01891000FCC693 /* Sources */,
				86520BA51F01891000FCC693 /* Frameworks */,
				86520BA61F01891000FCC693 /* Resources */,
			);
			buildRules = (
			);
			dependencies = (
				86520BAA1F01891000FCC693 /* PBXTargetDependency */,
			);
			name = "Parse ChatTests";
			productName = "Parse ChatTests";
			productReference = 86520BA81F01891000FCC693 /* Parse ChatTests.xctest */;
			productType = "com.apple.product-type.bundle.unit-test";
		};
		86520BB21F01891000FCC693 /* Parse ChatUITests */ = {
			isa = PBXNativeTarget;
			buildConfigurationList = 86520BC21F01891000FCC693 /* Build configuration list for PBXNativeTarget "Parse ChatUITests" */;
			buildPhases = (
				86520BAF1F01891000FCC693 /* Sources */,
				86520BB01F01891000FCC693 /* Frameworks */,
				86520BB11F01891000FCC693 /* Resources */,
			);
			buildRules = (
			);
			dependencies = (
				86520BB51F01891000FCC693 /* PBXTargetDependency */,
			);
			name = "Parse ChatUITests";
			productName = "Parse ChatUITests";
			productReference = 86520BB31F01891000FCC693 /* Parse ChatUITests.xctest */;
			productType = "com.apple.product-type.bundle.ui-testing";
		};
/* End PBXNativeTarget section */

/* Begin PBXProject section */
		86520B8C1F01890F00FCC693 /* Project object */ = {
			isa = PBXProject;
			attributes = {
				LastSwiftUpdateCheck = 0830;
				LastUpgradeCheck = 0830;
				ORGANIZATIONNAME = "Olga Andreeva";
				TargetAttributes = {
					86520B931F01890F00FCC693 = {
						CreatedOnToolsVersion = 8.3.2;
						ProvisioningStyle = Automatic;
					};
					86520BA71F01891000FCC693 = {
						CreatedOnToolsVersion = 8.3.2;
						ProvisioningStyle = Automatic;
						TestTargetID = 86520B931F01890F00FCC693;
					};
					86520BB21F01891000FCC693 = {
						CreatedOnToolsVersion = 8.3.2;
						ProvisioningStyle = Automatic;
						TestTargetID = 86520B931F01890F00FCC693;
					};
				};
			};
			buildConfigurationList = 86520B8F1F01890F00FCC693 /* Build configuration list for PBXProject "Parse Chat" */;
			compatibilityVersion = "Xcode 3.2";
			developmentRegion = English;
			hasScannedForEncodings = 0;
			knownRegions = (
				en,
				Base,
			);
			mainGroup = 86520B8B1F01890F00FCC693;
			productRefGroup = 86520B951F01890F00FCC693 /* Products */;
			projectDirPath = "";
			projectRoot = "";
			targets = (
				86520B931F01890F00FCC693 /* Parse Chat */,
				86520BA71F01891000FCC693 /* Parse ChatTests */,
				86520BB21F01891000FCC693 /* Parse ChatUITests */,
			);
		};
/* End PBXProject section */

/* Begin PBXResourcesBuildPhase section */
		86520B921F01890F00FCC693 /* Resources */ = {
			isa = PBXResourcesBuildPhase;
			buildActionMask = 2147483647;
			files = (
				86520BA21F01891000FCC693 /* LaunchScreen.storyboard in Resources */,
				86520B9F1F01891000FCC693 /* Assets.xcassets in Resources */,
				86520B9D1F01891000FCC693 /* Main.storyboard in Resources */,
			);
			runOnlyForDeploymentPostprocessing = 0;
		};
		86520BA61F01891000FCC693 /* Resources */ = {
			isa = PBXResourcesBuildPhase;
			buildActionMask = 2147483647;
			files = (
			);
			runOnlyForDeploymentPostprocessing = 0;
		};
		86520BB11F01891000FCC693 /* Resources */ = {
			isa = PBXResourcesBuildPhase;
			buildActionMask = 2147483647;
			files = (
			);
			runOnlyForDeploymentPostprocessing = 0;
		};
/* End PBXResourcesBuildPhase section */

/* Begin PBXSourcesBuildPhase section */
		86520B901F01890F00FCC693 /* Sources */ = {
			isa = PBXSourcesBuildPhase;
			buildActionMask = 2147483647;
			files = (
				86520B9A1F01890F00FCC693 /* ViewController.swift in Sources */,
				86520B981F01890F00FCC693 /* AppDelegate.swift in Sources */,
			);
			runOnlyForDeploymentPostprocessing = 0;
		};
		86520BA41F01891000FCC693 /* Sources */ = {
			isa = PBXSourcesBuildPhase;
			buildActionMask = 2147483647;
			files = (
				86520BAD1F01891000FCC693 /* Parse_ChatTests.swift in Sources */,
			);
			runOnlyForDeploymentPostprocessing = 0;
		};
		86520BAF1F01891000FCC693 /* Sources */ = {
			isa = PBXSourcesBuildPhase;
			buildActionMask = 2147483647;
			files = (
				86520BB81F01891000FCC693 /* Parse_ChatUITests.swift in Sources */,
			);
			runOnlyForDeploymentPostprocessing = 0;
		};
/* End PBXSourcesBuildPhase section */

/* Begin PBXTargetDependency section */
		86520BAA1F01891000FCC693 /* PBXTargetDependency */ = {
			isa = PBXTargetDependency;
			target = 86520B931F01890F00FCC693 /* Parse Chat */;
			targetProxy = 86520BA91F01891000FCC693 /* PBXContainerItemProxy */;
		};
		86520BB51F01891000FCC693 /* PBXTargetDependency */ = {
			isa = PBXTargetDependency;
			target = 86520B931F01890F00FCC693 /* Parse Chat */;
			targetProxy = 86520BB41F01891000FCC693 /* PBXContainerItemProxy */;
		};
/* End PBXTargetDependency section */

/* Begin PBXVariantGroup section */
		86520B9B1F01891000FCC693 /* Main.storyboard */ = {
			isa = PBXVariantGroup;
			children = (
				86520B9C1F01891000FCC693 /* Base */,
			);
			name = Main.storyboard;
			sourceTree = "<group>";
		};
		86520BA01F01891000FCC693 /* LaunchScreen.storyboard */ = {
			isa = PBXVariantGroup;
			children = (
				86520BA11F01891000FCC693 /* Base */,
			);
			name = LaunchScreen.storyboard;
			sourceTree = "<group>";
		};
/* End PBXVariantGroup section */

/* Begin XCBuildConfiguration section */
		86520BBA1F01891000FCC693 /* Debug */ = {
			isa = XCBuildConfiguration;
			buildSettings = {
				ALWAYS_SEARCH_USER_PATHS = NO;
				CLANG_ANALYZER_NONNULL = YES;
				CLANG_ANALYZER_NUMBER_OBJECT_CONVERSION = YES_AGGRESSIVE;
				CLANG_CXX_LANGUAGE_STANDARD = "gnu++0x";
				CLANG_CXX_LIBRARY = "libc++";
				CLANG_ENABLE_MODULES = YES;
				CLANG_ENABLE_OBJC_ARC = YES;
				CLANG_WARN_BOOL_CONVERSION = YES;
				CLANG_WARN_CONSTANT_CONVERSION = YES;
				CLANG_WARN_DIRECT_OBJC_ISA_USAGE = YES_ERROR;
				CLANG_WARN_DOCUMENTATION_COMMENTS = YES;
				CLANG_WARN_EMPTY_BODY = YES;
				CLANG_WARN_ENUM_CONVERSION = YES;
				CLANG_WARN_INFINITE_RECURSION = YES;
				CLANG_WARN_INT_CONVERSION = YES;
				CLANG_WARN_OBJC_ROOT_CLASS = YES_ERROR;
				CLANG_WARN_SUSPICIOUS_MOVE = YES;
				CLANG_WARN_UNREACHABLE_CODE = YES;
				CLANG_WARN__DUPLICATE_METHOD_MATCH = YES;
				"CODE_SIGN_IDENTITY[sdk=iphoneos*]" = "iPhone Developer";
				COPY_PHASE_STRIP = NO;
				DEBUG_INFORMATION_FORMAT = dwarf;
				ENABLE_STRICT_OBJC_MSGSEND = YES;
				ENABLE_TESTABILITY = YES;
				GCC_C_LANGUAGE_STANDARD = gnu99;
				GCC_DYNAMIC_NO_PIC = NO;
				GCC_NO_COMMON_BLOCKS = YES;
				GCC_OPTIMIZATION_LEVEL = 0;
				GCC_PREPROCESSOR_DEFINITIONS = (
					"DEBUG=1",
					"$(inherited)",
				);
				GCC_WARN_64_TO_32_BIT_CONVERSION = YES;
				GCC_WARN_ABOUT_RETURN_TYPE = YES_ERROR;
				GCC_WARN_UNDECLARED_SELECTOR = YES;
				GCC_WARN_UNINITIALIZED_AUTOS = YES_AGGRESSIVE;
				GCC_WARN_UNUSED_FUNCTION = YES;
				GCC_WARN_UNUSED_VARIABLE = YES;
				IPHONEOS_DEPLOYMENT_TARGET = 10.3;
				MTL_ENABLE_DEBUG_INFO = YES;
				ONLY_ACTIVE_ARCH = YES;
				SDKROOT = iphoneos;
				SWIFT_ACTIVE_COMPILATION_CONDITIONS = DEBUG;
				SWIFT_OPTIMIZATION_LEVEL = "-Onone";
			};
			name = Debug;
		};
		86520BBB1F01891000FCC693 /* Release */ = {
			isa = XCBuildConfiguration;
			buildSettings = {
				ALWAYS_SEARCH_USER_PATHS = NO;
				CLANG_ANALYZER_NONNULL = YES;
				CLANG_ANALYZER_NUMBER_OBJECT_CONVERSION = YES_AGGRESSIVE;
				CLANG_CXX_LANGUAGE_STANDARD = "gnu++0x";
				CLANG_CXX_LIBRARY = "libc++";
				CLANG_ENABLE_MODULES = YES;
				CLANG_ENABLE_OBJC_ARC = YES;
				CLANG_WARN_BOOL_CONVERSION = YES;
				CLANG_WARN_CONSTANT_CONVERSION = YES;
				CLANG_WARN_DIRECT_OBJC_ISA_USAGE = YES_ERROR;
				CLANG_WARN_DOCUMENTATION_COMMENTS = YES;
				CLANG_WARN_EMPTY_BODY = YES;
				CLANG_WARN_ENUM_CONVERSION = YES;
				CLANG_WARN_INFINITE_RECURSION = YES;
				CLANG_WARN_INT_CONVERSION = YES;
				CLANG_WARN_OBJC_ROOT_CLASS = YES_ERROR;
				CLANG_WARN_SUSPICIOUS_MOVE = YES;
				CLANG_WARN_UNREACHABLE_CODE = YES;
				CLANG_WARN__DUPLICATE_METHOD_MATCH = YES;
				"CODE_SIGN_IDENTITY[sdk=iphoneos*]" = "iPhone Developer";
				COPY_PHASE_STRIP = NO;
				DEBUG_INFORMATION_FORMAT = "dwarf-with-dsym";
				ENABLE_NS_ASSERTIONS = NO;
				ENABLE_STRICT_OBJC_MSGSEND = YES;
				GCC_C_LANGUAGE_STANDARD = gnu99;
				GCC_NO_COMMON_BLOCKS = YES;
				GCC_WARN_64_TO_32_BIT_CONVERSION = YES;
				GCC_WARN_ABOUT_RETURN_TYPE = YES_ERROR;
				GCC_WARN_UNDECLARED_SELECTOR = YES;
				GCC_WARN_UNINITIALIZED_AUTOS = YES_AGGRESSIVE;
				GCC_WARN_UNUSED_FUNCTION = YES;
				GCC_WARN_UNUSED_VARIABLE = YES;
				IPHONEOS_DEPLOYMENT_TARGET = 10.3;
				MTL_ENABLE_DEBUG_INFO = NO;
				SDKROOT = iphoneos;
				SWIFT_OPTIMIZATION_LEVEL = "-Owholemodule";
				VALIDATE_PRODUCT = YES;
			};
			name = Release;
		};
		86520BBD1F01891000FCC693 /* Debug */ = {
			isa = XCBuildConfiguration;
			buildSettings = {
				ASSETCATALOG_COMPILER_APPICON_NAME = AppIcon;
				INFOPLIST_FILE = "Parse Chat/Info.plist";
				LD_RUNPATH_SEARCH_PATHS = "$(inherited) @executable_path/Frameworks";
				PRODUCT_BUNDLE_IDENTIFIER = "com.olga.Parse-Chat";
				PRODUCT_NAME = "$(TARGET_NAME)";
				SWIFT_VERSION = 3.0;
			};
			name = Debug;
		};
		86520BBE1F01891000FCC693 /* Release */ = {
			isa = XCBuildConfiguration;
			buildSettings = {
				ASSETCATALOG_COMPILER_APPICON_NAME = AppIcon;
				INFOPLIST_FILE = "Parse Chat/Info.plist";
				LD_RUNPATH_SEARCH_PATHS = "$(inherited) @executable_path/Frameworks";
				PRODUCT_BUNDLE_IDENTIFIER = "com.olga.Parse-Chat";
				PRODUCT_NAME = "$(TARGET_NAME)";
				SWIFT_VERSION = 3.0;
			};
			name = Release;
		};
		86520BC01F01891000FCC693 /* Debug */ = {
			isa = XCBuildConfiguration;
			buildSettings = {
				ALWAYS_EMBED_SWIFT_STANDARD_LIBRARIES = YES;
				BUNDLE_LOADER = "$(TEST_HOST)";
				INFOPLIST_FILE = "Parse ChatTests/Info.plist";
				LD_RUNPATH_SEARCH_PATHS = "$(inherited) @executable_path/Frameworks @loader_path/Frameworks";
				PRODUCT_BUNDLE_IDENTIFIER = "com.olga.Parse-ChatTests";
				PRODUCT_NAME = "$(TARGET_NAME)";
				SWIFT_VERSION = 3.0;
				TEST_HOST = "$(BUILT_PRODUCTS_DIR)/Parse Chat.app/Parse Chat";
			};
			name = Debug;
		};
		86520BC11F01891000FCC693 /* Release */ = {
			isa = XCBuildConfiguration;
			buildSettings = {
				ALWAYS_EMBED_SWIFT_STANDARD_LIBRARIES = YES;
				BUNDLE_LOADER = "$(TEST_HOST)";
				INFOPLIST_FILE = "Parse ChatTests/Info.plist";
				LD_RUNPATH_SEARCH_PATHS = "$(inherited) @executable_path/Frameworks @loader_path/Frameworks";
				PRODUCT_BUNDLE_IDENTIFIER = "com.olga.Parse-ChatTests";
				PRODUCT_NAME = "$(TARGET_NAME)";
				SWIFT_VERSION = 3.0;
				TEST_HOST = "$(BUILT_PRODUCTS_DIR)/Parse Chat.app/Parse Chat";
			};
			name = Release;
		};
		86520BC31F01891000FCC693 /* Debug */ = {
			isa = XCBuildConfiguration;
			buildSettings = {
				ALWAYS_EMBED_SWIFT_STANDARD_LIBRARIES = YES;
				INFOPLIST_FILE = "Parse ChatUITests/Info.plist";
				LD_RUNPATH_SEARCH_PATHS = "$(inherited) @executable_path/Frameworks @loader_path/Frameworks";
				PRODUCT_BUNDLE_IDENTIFIER = "com.olga.Parse-ChatUITests";
				PRODUCT_NAME = "$(TARGET_NAME)";
				SWIFT_VERSION = 3.0;
				TEST_TARGET_NAME = "Parse Chat";
			};
			name = Debug;
		};
		86520BC41F01891000FCC693 /* Release */ = {
			isa = XCBuildConfiguration;
			buildSettings = {
				ALWAYS_EMBED_SWIFT_STANDARD_LIBRARIES = YES;
				INFOPLIST_FILE = "Parse ChatUITests/Info.plist";
				LD_RUNPATH_SEARCH_PATHS = "$(inherited) @executable_path/Frameworks @loader_path/Frameworks";
				PRODUCT_BUNDLE_IDENTIFIER = "com.olga.Parse-ChatUITests";
				PRODUCT_NAME = "$(TARGET_NAME)";
				SWIFT_VERSION = 3.0;
				TEST_TARGET_NAME = "Parse Chat";
			};
			name = Release;
		};
/* End XCBuildConfiguration section */

/* Begin XCConfigurationList section */
		86520B8F1F01890F00FCC693 /* Build configuration list for PBXProject "Parse Chat" */ = {
			isa = XCConfigurationList;
			buildConfigurations = (
				86520BBA1F01891000FCC693 /* Debug */,
				86520BBB1F01891000FCC693 /* Release */,
			);
			defaultConfigurationIsVisible = 0;
			defaultConfigurationName = Release;
		};
		86520BBC1F01891000FCC693 /* Build configuration list for PBXNativeTarget "Parse Chat" */ = {
			isa = XCConfigurationList;
			buildConfigurations = (
				86520BBD1F01891000FCC693 /* Debug */,
				86520BBE1F01891000FCC693 /* Release */,
			);
			defaultConfigurationIsVisible = 0;
		};
		86520BBF1F01891000FCC693 /* Build configuration list for PBXNativeTarget "Parse ChatTests" */ = {
			isa = XCConfigurationList;
			buildConfigurations = (
				86520BC01F01891000FCC693 /* Debug */,
				86520BC11F01891000FCC693 /* Release */,
			);
			defaultConfigurationIsVisible = 0;
		};
		86520BC21F01891000FCC693 /* Build configuration list for PBXNativeTarget "Parse ChatUITests" */ = {
			isa = XCConfigurationList;
			buildConfigurations = (
				86520BC31F01891000FCC693 /* Debug */,
				86520BC41F01891000FCC693 /* Release */,
			);
			defaultConfigurationIsVisible = 0;
		};
/* End XCConfigurationList section */
	};
	rootObject = 86520B8C1F01890F00FCC693 /* Project object */;
}
